
Microsoft Visual Studio Solution File, Format Version 12.00
# Visual Studio Version 17
VisualStudioVersion = 17.9.34310.174
MinimumVisualStudioVersion = 10.0.40219.1
Project("{FAE04EC0-301F-11D3-BF4B-00C04F79EFBC}") = "MSBuildWorkspace.Tests", "MSBuildWorkspace.Tests\MSBuildWorkspace.Tests.csproj", "{6292679B-1433-4FA9-AE0B-1646F96AFA22}"
EndProject
Global
	GlobalSection(SolutionConfigurationPlatforms) = preSolution
		Debug|Any CPU = Debug|Any CPU
		Release|Any CPU = Release|Any CPU
	EndGlobalSection
	GlobalSection(ProjectConfigurationPlatforms) = postSolution
		{6292679B-1433-4FA9-AE0B-1646F96AFA22}.Debug|Any CPU.ActiveCfg = Debug|Any CPU
		{6292679B-1433-4FA9-AE0B-1646F96AFA22}.Debug|Any CPU.Build.0 = Debug|Any CPU
		{6292679B-1433-4FA9-AE0B-1646F96AFA22}.Release|Any CPU.ActiveCfg = Release|Any CPU
		{6292679B-1433-4FA9-AE0B-1646F96AFA22}.Release|Any CPU.Build.0 = Release|Any CPU
	EndGlobalSection
	GlobalSection(SolutionProperties) = preSolution
		HideSolutionNode = FALSE
	EndGlobalSection
	GlobalSection(ExtensibilityGlobals) = postSolution
		SolutionGuid = {56AB0B10-789A-4E6E-8357-3929C71AB731}
	EndGlobalSection
EndGlobal
